
Microsoft Visual Studio Solution File, Format Version 12.00
# Visual Studio 15
VisualStudioVersion = 15.0.28307.572
MinimumVisualStudioVersion = 10.0.40219.1
Project("{FAE04EC0-301F-11D3-BF4B-00C04F79EFBC}") = "Scintilla.Eto.Test", "ScintillaEto\Scintilla.Eto.Test.csproj", "{E77369EE-BFC1-451E-8242-B4690400EFCF}"
EndProject
Project("{FAE04EC0-301F-11D3-BF4B-00C04F79EFBC}") = "Scintilla.Eto.WinForms", "Scintilla.Eto.WinForms\Scintilla.Eto.WinForms.csproj", "{390F97FB-67FE-4114-B25A-F80258D8D4DD}"
EndProject
Project("{FAE04EC0-301F-11D3-BF4B-00C04F79EFBC}") = "Scintilla.Eto.GTK", "Scintilla.Eto.GTK\Scintilla.Eto.GTK.csproj", "{B51DF4B3-BB63-41C2-BC1E-29F8354E63B9}"
EndProject
Project("{FAE04EC0-301F-11D3-BF4B-00C04F79EFBC}") = "Scintilla.Eto.Mac", "Scintilla.Eto.Mac\Scintilla.Eto.Mac.csproj", "{C2AB9073-97C8-4674-BD61-216B5DBAAF65}"
EndProject
Project("{FAE04EC0-301F-11D3-BF4B-00C04F79EFBC}") = "Scintilla.Eto.Shared", "Scintilla.Eto.Shared\Scintilla.Eto.Shared.csproj", "{A5FD8558-2DBC-43E5-A513-A0217AF59178}"
EndProject
Global
	GlobalSection(SolutionConfigurationPlatforms) = preSolution
		Debug|Any CPU = Debug|Any CPU
		Release|Any CPU = Release|Any CPU
	EndGlobalSection
	GlobalSection(ProjectConfigurationPlatforms) = postSolution
		{E77369EE-BFC1-451E-8242-B4690400EFCF}.Debug|Any CPU.ActiveCfg = Debug|Any CPU
		{E77369EE-BFC1-451E-8242-B4690400EFCF}.Debug|Any CPU.Build.0 = Debug|Any CPU
		{E77369EE-BFC1-451E-8242-B4690400EFCF}.Release|Any CPU.ActiveCfg = Release|Any CPU
		{E77369EE-BFC1-451E-8242-B4690400EFCF}.Release|Any CPU.Build.0 = Release|Any CPU
		{390F97FB-67FE-4114-B25A-F80258D8D4DD}.Debug|Any CPU.ActiveCfg = Debug|Any CPU
		{390F97FB-67FE-4114-B25A-F80258D8D4DD}.Debug|Any CPU.Build.0 = Debug|Any CPU
		{390F97FB-67FE-4114-B25A-F80258D8D4DD}.Release|Any CPU.ActiveCfg = Release|Any CPU
		{390F97FB-67FE-4114-B25A-F80258D8D4DD}.Release|Any CPU.Build.0 = Release|Any CPU
		{B51DF4B3-BB63-41C2-BC1E-29F8354E63B9}.Debug|Any CPU.ActiveCfg = Debug|Any CPU
		{B51DF4B3-BB63-41C2-BC1E-29F8354E63B9}.Debug|Any CPU.Build.0 = Debug|Any CPU
		{B51DF4B3-BB63-41C2-BC1E-29F8354E63B9}.Release|Any CPU.ActiveCfg = Release|Any CPU
		{B51DF4B3-BB63-41C2-BC1E-29F8354E63B9}.Release|Any CPU.Build.0 = Release|Any CPU
		{C2AB9073-97C8-4674-BD61-216B5DBAAF65}.Debug|Any CPU.ActiveCfg = Debug|Any CPU
		{C2AB9073-97C8-4674-BD61-216B5DBAAF65}.Debug|Any CPU.Build.0 = Debug|Any CPU
		{C2AB9073-97C8-4674-BD61-216B5DBAAF65}.Release|Any CPU.ActiveCfg = Release|Any CPU
		{C2AB9073-97C8-4674-BD61-216B5DBAAF65}.Release|Any CPU.Build.0 = Release|Any CPU
		{A5FD8558-2DBC-43E5-A513-A0217AF59178}.Debug|Any CPU.ActiveCfg = Debug|Any CPU
		{A5FD8558-2DBC-43E5-A513-A0217AF59178}.Debug|Any CPU.Build.0 = Debug|Any CPU
		{A5FD8558-2DBC-43E5-A513-A0217AF59178}.Release|Any CPU.ActiveCfg = Release|Any CPU
		{A5FD8558-2DBC-43E5-A513-A0217AF59178}.Release|Any CPU.Build.0 = Release|Any CPU
	EndGlobalSection
	GlobalSection(SolutionProperties) = preSolution
		HideSolutionNode = FALSE
	EndGlobalSection
	GlobalSection(ExtensibilityGlobals) = postSolution
		SolutionGuid = {B46DD465-9C36-4519-899B-E631D4C21EF6}
	EndGlobalSection
EndGlobal
